
Microsoft Visual Studio Solution File, Format Version 12.00
# Visual Studio Version 17
VisualStudioVersion = 17.13.35806.99 d17.13
MinimumVisualStudioVersion = 10.0.40219.1
Project("{888888A0-9F3D-457C-B088-3A5042F75D52}") = "TicTacToeDQN", "TicTacToeDQN.pyproj", "{587EC377-A1EE-438D-8257-6C01A7BE6DA0}"
EndProject
Global
	GlobalSection(SolutionConfigurationPlatforms) = preSolution
		Debug|Any CPU = Debug|Any CPU
		Release|Any CPU = Release|Any CPU
	EndGlobalSection
	GlobalSection(ProjectConfigurationPlatforms) = postSolution
		{587EC377-A1EE-438D-8257-6C01A7BE6DA0}.Debug|Any CPU.ActiveCfg = Debug|Any CPU
		{587EC377-A1EE-438D-8257-6C01A7BE6DA0}.Release|Any CPU.ActiveCfg = Release|Any CPU
	EndGlobalSection
	GlobalSection(SolutionProperties) = preSolution
		HideSolutionNode = FALSE
	EndGlobalSection
	GlobalSection(ExtensibilityGlobals) = postSolution
		SolutionGuid = {FEBD7279-CDB2-4D02-BFF2-9C622ECD06AF}
	EndGlobalSection
EndGlobal
